{
  "version": 1,
  "dependencies": {
    "net10.0": {
      "FFMpegCore": {
        "type": "Direct",
        "requested": "[5.4.0, )",
        "resolved": "5.4.0",
        "contentHash": "nymhPWpwvBaB4fOqf0thxg7Inm8SrruFQLdCMFEDKD8S3hy0/iV2vuKaJvaL9ZnbJx/2rJCHnJXOymo2apXovg==",
        "dependencies": {
          "Instances": "3.0.2"
        }
      },
      "CloudNative.CloudEvents": {
        "type": "Transitive",
        "resolved": "2.9.0",
        "contentHash": "Qh8/MS3YBI78Q5+AVXN/hNQZkhFW5OyDHdn4Wi05ZzlylKOsTypBiQQ1u0U8iOZ24HMe8Hc0VH2CIwnY4YTGEA=="
      },
      "CloudNative.CloudEvents.SystemTextJson": {
        "type": "Transitive",
        "resolved": "2.9.0",
        "contentHash": "gkf4+RRR8W4VmB7hZr0Wie5VYz+oRKJnuj5CLtyKANa+Yq+eynMqVBnmnjWf8hvgCVDAzyvM2iq6THZageO8jA==",
        "dependencies": {
          "CloudNative.CloudEvents": "2.9.0"
        }
      },
      "Instances": {
        "type": "Transitive",
        "resolved": "3.0.2",
        "contentHash": "LfhegDpmA8PuHW58RmgVvCDG/mfVCTU+Vhy4ppmXLJfAer33Xl0NocDy92OwSL6CnkVdx41O/I0+BjNhU1JtMQ=="
      },
      "opencaminterop": {
        "type": "Project",
        "dependencies": {
          "CloudNative.CloudEvents.SystemTextJson": "[2.9.0, )"
        }
      }
    },
    "net10.0/linux-arm64": {},
    "net10.0/linux-x64": {},
    "net10.0/win-x64": {}
  }
}